
Microsoft Visual Studio Solution File, Format Version 12.00
# Visual Studio Version 16
VisualStudioVersion = 16.0.29519.87
MinimumVisualStudioVersion = 10.0.40219.1
Project("{FAE04EC0-301F-11D3-BF4B-00C04F79EFBC}") = "WebApplication2", "WebApplication2.csproj", "{870BC002-C0D3-45F4-8364-965BD8D89AFD}"
EndProject
Global
	GlobalSection(SolutionConfigurationPlatforms) = preSolution
		Debug|Any CPU = Debug|Any CPU
		Release|Any CPU = Release|Any CPU
	EndGlobalSection
	GlobalSection(ProjectConfigurationPlatforms) = postSolution
		{870BC002-C0D3-45F4-8364-965BD8D89AFD}.Debug|Any CPU.ActiveCfg = Debug|Any CPU
		{870BC002-C0D3-45F4-8364-965BD8D89AFD}.Debug|Any CPU.Build.0 = Debug|Any CPU
		{870BC002-C0D3-45F4-8364-965BD8D89AFD}.Release|Any CPU.ActiveCfg = Release|Any CPU
		{870BC002-C0D3-45F4-8364-965BD8D89AFD}.Release|Any CPU.Build.0 = Release|Any CPU
	EndGlobalSection
	GlobalSection(SolutionProperties) = preSolution
		HideSolutionNode = FALSE
	EndGlobalSection
	GlobalSection(ExtensibilityGlobals) = postSolution
		SolutionGuid = {960B189D-BA05-4FAA-A1D4-E977007722E7}
	EndGlobalSection
EndGlobal
